// !$*UTF8*$!
{
	archiveVersion = 1;
	classes = {
	};
	objectVersion = 46;
	objects = {

/* Begin PBXBuildFile section */
		A70199E516FD4647008CE64D /* 0.jpg in Resources */ = {isa = PBXBuildFile; fileRef = A70199AA16FD4647008CE64D /* 0.jpg */; };
		A70199E616FD4647008CE64D /* 1.jpg in Resources */ = {isa = PBXBuildFile; fileRef = A70199AB16FD4647008CE64D /* 1.jpg */; };
		A70199E716FD4647008CE64D /* 10.jpg in Resources */ = {isa = PBXBuildFile; fileRef = A70199AC16FD4647008CE64D /* 10.jpg */; };
		A70199E816FD4647008CE64D /* 11.jpg in Resources */ = {isa = PBXBuildFile; fileRef = A70199AD16FD4647008CE64D /* 11.jpg */; };
		A70199E916FD4647008CE64D /* 12.jpg in Resources */ = {isa = PBXBuildFile; fileRef = A70199AE16FD4647008CE64D /* 12.jpg */; };
		A70199EA16FD4647008CE64D /* 13.jpg in Resources */ = {isa = PBXBuildFile; fileRef = A70199AF16FD4647008CE64D /* 13.jpg */; };
		A70199EB16FD4647008CE64D /* 14.jpg in Resources */ = {isa = PBXBuildFile; fileRef = A70199B016FD4647008CE64D /* 14.jpg */; };
		A70199EC16FD4647008CE64D /* 15.jpg in Resources */ = {isa = PBXBuildFile; fileRef = A70199B116FD4647008CE64D /* 15.jpg */; };
		A70199ED16FD4647008CE64D /* 16.jpg in Resources */ = {isa = PBXBuildFile; fileRef = A70199B216FD4647008CE64D /* 16.jpg */; };
		A70199EE16FD4647008CE64D /* 17.jpg in Resources */ = {isa = PBXBuildFile; fileRef = A70199B316FD4647008CE64D /* 17.jpg */; };
		A70199EF16FD4647008CE64D /* 18.jpg in Resources */ = {isa = PBXBuildFile; fileRef = A70199B416FD4647008CE64D /* 18.jpg */; };
		A70199F016FD4647008CE64D /* 19.jpg in Resources */ = {isa = PBXBuildFile; fileRef = A70199B516FD4647008CE64D /* 19.jpg */; };
		A70199F116FD4647008CE64D /* 2.jpg in Resources */ = {isa = PBXBuildFile; fileRef = A70199B616FD4647008CE64D /* 2.jpg */; };
		A70199F216FD4647008CE64D /* 20.jpg in Resources */ = {isa = PBXBuildFile; fileRef = A70199B716FD4647008CE64D /* 20.jpg */; };
		A70199F316FD4647008CE64D /* 21.jpg in Resources */ = {isa = PBXBuildFile; fileRef = A70199B816FD4647008CE64D /* 21.jpg */; };
		A70199F416FD4647008CE64D /* 22.jpg in Resources */ = {isa = PBXBuildFile; fileRef = A70199B916FD4647008CE64D /* 22.jpg */; };
		A70199F516FD4647008CE64D /* 23.jpg in Resources */ = {isa = PBXBuildFile; fileRef = A70199BA16FD4647008CE64D /* 23.jpg */; };
		A70199F616FD4647008CE64D /* 24.jpg in Resources */ = {isa = PBXBuildFile; fileRef = A70199BB16FD4647008CE64D /* 24.jpg */; };
		A70199F716FD4647008CE64D /* 25.jpg in Resources */ = {isa = PBXBuildFile; fileRef = A70199BC16FD4647008CE64D /* 25.jpg */; };
		A70199F816FD4647008CE64D /* 26.jpg in Resources */ = {isa = PBXBuildFile; fileRef = A70199BD16FD4647008CE64D /* 26.jpg */; };
		A70199F916FD4647008CE64D /* 27.jpg in Resources */ = {isa = PBXBuildFile; fileRef = A70199BE16FD4647008CE64D /* 27.jpg */; };
		A70199FA16FD4647008CE64D /* 28.jpg in Resources */ = {isa = PBXBuildFile; fileRef = A70199BF16FD4647008CE64D /* 28.jpg */; };
		A70199FB16FD4647008CE64D /* 29.jpg in Resources */ = {isa = PBXBuildFile; fileRef = A70199C016FD4647008CE64D /* 29.jpg */; };
		A70199FC16FD4647008CE64D /* 3.jpg in Resources */ = {isa = PBXBuildFile; fileRef = A70199C116FD4647008CE64D /* 3.jpg */; };
		A70199FD16FD4647008CE64D /* 30.jpg in Resources */ = {isa = PBXBuildFile; fileRef = A70199C216FD4647008CE64D /* 30.jpg */; };
		A70199FE16FD4647008CE64D /* 31.jpg in Resources */ = {isa = PBXBuildFile; fileRef = A70199C316FD4647008CE64D /* 31.jpg */; };
		A70199FF16FD4647008CE64D /* 32.jpg in Resources */ = {isa = PBXBuildFile; fileRef = A70199C416FD4647008CE64D /* 32.jpg */; };
		A7019A0016FD4647008CE64D /* 33.jpg in Resources */ = {isa = PBXBuildFile; fileRef = A70199C516FD4647008CE64D /* 33.jpg */; };
		A7019A0116FD4647008CE64D /* 34.jpg in Resources */ = {isa = PBXBuildFile; fileRef = A70199C616FD4647008CE64D /* 34.jpg */; };
		A7019A0216FD4647008CE64D /* 35.jpg in Resources */ = {isa = PBXBuildFile; fileRef = A70199C716FD4647008CE64D /* 35.jpg */; };
		A7019A0316FD4647008CE64D /* 36.jpg in Resources */ = {isa = PBXBuildFile; fileRef = A70199C816FD4647008CE64D /* 36.jpg */; };
		A7019A0416FD4647008CE64D /* 37.jpg in Resources */ = {isa = PBXBuildFile; fileRef = A70199C916FD4647008CE64D /* 37.jpg */; };
		A7019A0516FD4647008CE64D /* 38.jpg in Resources */ = {isa = PBXBuildFile; fileRef = A70199CA16FD4647008CE64D /* 38.jpg */; };
		A7019A0616FD4647008CE64D /* 39.jpg in Resources */ = {isa = PBXBuildFile; fileRef = A70199CB16FD4647008CE64D /* 39.jpg */; };
		A7019A0716FD4647008CE64D /* 4.jpg in Resources */ = {isa = PBXBuildFile; fileRef = A70199CC16FD4647008CE64D /* 4.jpg */; };
		A7019A0816FD4647008CE64D /* 40.jpg in Resources */ = {isa = PBXBuildFile; fileRef = A70199CD16FD4647008CE64D /* 40.jpg */; };
		A7019A0916FD4647008CE64D /* 41.jpg in Resources */ = {isa = PBXBuildFile; fileRef = A70199CE16FD4647008CE64D /* 41.jpg */; };
		A7019A0A16FD4647008CE64D /* 42.jpg in Resources */ = {isa = PBXBuildFile; fileRef = A70199CF16FD4647008CE64D /* 42.jpg */; };
		A7019A0B16FD4647008CE64D /* 43.jpg in Resources */ = {isa = PBXBuildFile; fileRef = A70199D016FD4647008CE64D /* 43.jpg */; };
		A7019A0C16FD4647008CE64D /* 44.jpg in Resources */ = {isa = PBXBuildFile; fileRef = A70199D116FD4647008CE64D /* 44.jpg */; };
		A7019A0D16FD4647008CE64D /* 45.jpg in Resources */ = {isa = PBXBuildFile; fileRef = A70199D216FD4647008CE64D /* 45.jpg */; };
		A7019A0E16FD4647008CE64D /* 46.jpg in Resources */ = {isa = PBXBuildFile; fileRef = A70199D316FD4647008CE64D /* 46.jpg */; };
		A7019A0F16FD4647008CE64D /* 47.jpg in Resources */ = {isa = PBXBuildFile; fileRef = A70199D416FD4647008CE64D /* 47.jpg */; };
		A7019A1016FD4647008CE64D /* 48.jpg in Resources */ = {isa = PBXBuildFile; fileRef = A70199D516FD4647008CE64D /* 48.jpg */; };
		A7019A1116FD4647008CE64D /* 49.jpg in Resources */ = {isa = PBXBuildFile; fileRef = A70199D616FD4647008CE64D /* 49.jpg */; };
		A7019A1216FD4647008CE64D /* 5.jpg in Resources */ = {isa = PBXBuildFile; fileRef = A70199D716FD4647008CE64D /* 5.jpg */; };
		A7019A1316FD4647008CE64D /* 50.jpg in Resources */ = {isa = PBXBuildFile; fileRef = A70199D816FD4647008CE64D /* 50.jpg */; };
		A7019A1416FD4647008CE64D /* 51.jpg in Resources */ = {isa = PBXBuildFile; fileRef = A70199D916FD4647008CE64D /* 51.jpg */; };
		A7019A1516FD4647008CE64D /* 52.jpg in Resources */ = {isa = PBXBuildFile; fileRef = A70199DA16FD4647008CE64D /* 52.jpg */; };
		A7019A1616FD4647008CE64D /* 53.jpg in Resources */ = {isa = PBXBuildFile; fileRef = A70199DB16FD4647008CE64D /* 53.jpg */; };
		A7019A1716FD4647008CE64D /* 6.jpg in Resources */ = {isa = PBXBuildFile; fileRef = A70199DC16FD4647008CE64D /* 6.jpg */; };
		A7019A1816FD4647008CE64D /* 7.jpg in Resources */ = {isa = PBXBuildFile; fileRef = A70199DD16FD4647008CE64D /* 7.jpg */; };
		A7019A1916FD4647008CE64D /* 8.jpg in Resources */ = {isa = PBXBuildFile; fileRef = A70199DE16FD4647008CE64D /* 8.jpg */; };
		A7019A1A16FD4647008CE64D /* 9.jpg in Resources */ = {isa = PBXBuildFile; fileRef = A70199DF16FD4647008CE64D /* 9.jpg */; };
		A7019A1B16FD4647008CE64D /* MainTopLog.png in Resources */ = {isa = PBXBuildFile; fileRef = A70199E116FD4647008CE64D /* MainTopLog.png */; };
		A7019A1C16FD4647008CE64D /* Patrol.png in Resources */ = {isa = PBXBuildFile; fileRef = A70199E216FD4647008CE64D /* Patrol.png */; };
		A7019A1D16FD4647008CE64D /* Report.png in Resources */ = {isa = PBXBuildFile; fileRef = A70199E316FD4647008CE64D /* Report.png */; };
		A7019A1E16FD4647008CE64D /* Stats.png in Resources */ = {isa = PBXBuildFile; fileRef = A70199E416FD4647008CE64D /* Stats.png */; };
		A7019A2216FE5694008CE64D /* Report_.png in Resources */ = {isa = PBXBuildFile; fileRef = A7019A1F16FE5694008CE64D /* Report_.png */; };
		A7019A2316FE5694008CE64D /* Patrol_.png in Resources */ = {isa = PBXBuildFile; fileRef = A7019A2016FE5694008CE64D /* Patrol_.png */; };
		A7019A2416FE5694008CE64D /* Stats_.png in Resources */ = {isa = PBXBuildFile; fileRef = A7019A2116FE5694008CE64D /* Stats_.png */; };
		A7019A2A16FE82BB008CE64D /* Icon114.png in Resources */ = {isa = PBXBuildFile; fileRef = A7019A2616FE82BB008CE64D /* Icon114.png */; };
		A7019A2B16FE82BB008CE64D /* Icon57.png in Resources */ = {isa = PBXBuildFile; fileRef = A7019A2716FE82BB008CE64D /* Icon57.png */; };
		A7019A2C16FE82BB008CE64D /* LaunchImage.png in Resources */ = {isa = PBXBuildFile; fileRef = A7019A2816FE82BB008CE64D /* LaunchImage.png */; };
		A7019A2D16FE82BB008CE64D /* LogoImage.png in Resources */ = {isa = PBXBuildFile; fileRef = A7019A2916FE82BB008CE64D /* LogoImage.png */; };
		A7019A3316FE8CC8008CE64D /* LaunchImageSmall.png in Resources */ = {isa = PBXBuildFile; fileRef = A7019A3216FE8CC8008CE64D /* LaunchImageSmall.png */; };
		A7019A3516FE9FC1008CE64D /* MainTopLogo.png in Resources */ = {isa = PBXBuildFile; fileRef = A7019A3416FE9FC1008CE64D /* MainTopLogo.png */; };
		A7F2F73516F04357005F9E8A /* MainViewController.m in Sources */ = {isa = PBXBuildFile; fileRef = A7F2F73416F04357005F9E8A /* MainViewController.m */; };
		C313066816DF1CEE005FB151 /* MapKit.framework in Frameworks */ = {isa = PBXBuildFile; fileRef = C313066716DF1CEE005FB151 /* MapKit.framework */; };
		C38C5EF916EFA18700679A87 /* Timer.m in Sources */ = {isa = PBXBuildFile; fileRef = C38C5EF816EFA18600679A87 /* Timer.m */; };
		C392634116F971E200FA29E5 /* MapViewController.m in Sources */ = {isa = PBXBuildFile; fileRef = C392634016F971E200FA29E5 /* MapViewController.m */; };
		C39E8B5D16CF370E0087FBDD /* Report.m in Sources */ = {isa = PBXBuildFile; fileRef = C39E8B5C16CF370E0087FBDD /* Report.m */; };
		C39E8B6016CF371D0087FBDD /* ReportDataController.m in Sources */ = {isa = PBXBuildFile; fileRef = C39E8B5F16CF371D0087FBDD /* ReportDataController.m */; };
		C39E8B6316CF37420087FBDD /* ReportViewController.m in Sources */ = {isa = PBXBuildFile; fileRef = C39E8B6216CF37420087FBDD /* ReportViewController.m */; };
		C3AEED6B16ED54AD002C16EC /* CoreLocation.framework in Frameworks */ = {isa = PBXBuildFile; fileRef = C3AEED6A16ED54AD002C16EC /* CoreLocation.framework */; };
		C4150BA216CCA93C00876850 /* UIKit.framework in Frameworks */ = {isa = PBXBuildFile; fileRef = C4150BA116CCA93C00876850 /* UIKit.framework */; };
		C4150BA416CCA93C00876850 /* Foundation.framework in Frameworks */ = {isa = PBXBuildFile; fileRef = C4150BA316CCA93C00876850 /* Foundation.framework */; };
		C4150BA616CCA93C00876850 /* CoreGraphics.framework in Frameworks */ = {isa = PBXBuildFile; fileRef = C4150BA516CCA93C00876850 /* CoreGraphics.framework */; };
		C4150BAC16CCA93C00876850 /* InfoPlist.strings in Resources */ = {isa = PBXBuildFile; fileRef = C4150BAA16CCA93C00876850 /* InfoPlist.strings */; };
		C4150BAE16CCA93C00876850 /* main.m in Sources */ = {isa = PBXBuildFile; fileRef = C4150BAD16CCA93C00876850 /* main.m */; };
		C4150BB216CCA93C00876850 /* PeaceGuardAppDelegate.m in Sources */ = {isa = PBXBuildFile; fileRef = C4150BB116CCA93C00876850 /* PeaceGuardAppDelegate.m */; };
		C4150BBB16CCA93C00876850 /* MainStoryboard.storyboard in Resources */ = {isa = PBXBuildFile; fileRef = C4150BB916CCA93C00876850 /* MainStoryboard.storyboard */; };
		C4150BBE16CCA93C00876850 /* PeaceGuardViewController.m in Sources */ = {isa = PBXBuildFile; fileRef = C4150BBD16CCA93C00876850 /* PeaceGuardViewController.m */; };
		C43C36C716FD024B004A9E84 /* SystemConfiguration.framework in Frameworks */ = {isa = PBXBuildFile; fileRef = C43C36C616FD024B004A9E84 /* SystemConfiguration.framework */; };
		C43C36CA16FD0261004A9E84 /* Reachability.m in Sources */ = {isa = PBXBuildFile; fileRef = C43C36C916FD0261004A9E84 /* Reachability.m */; };
		C48F3A1B16D1F43A0015D678 /* Icon57x57.png in Resources */ = {isa = PBXBuildFile; fileRef = C48F3A1A16D1F43A0015D678 /* Icon57x57.png */; };
		C48F3A1D16D1F43D0015D678 /* Icon114x114.png in Resources */ = {isa = PBXBuildFile; fileRef = C48F3A1C16D1F43D0015D678 /* Icon114x114.png */; };
		C48F3A1F16D1F4460015D678 /* Default.png in Resources */ = {isa = PBXBuildFile; fileRef = C48F3A1E16D1F4460015D678 /* Default.png */; };
		C48F3A2116D1F4560015D678 /* Default@2x.png in Resources */ = {isa = PBXBuildFile; fileRef = C48F3A2016D1F4560015D678 /* Default@2x.png */; };
		C48F3A2316D1F4590015D678 /* Default-568h@2x.png in Resources */ = {isa = PBXBuildFile; fileRef = C48F3A2216D1F4590015D678 /* Default-568h@2x.png */; };
		C48F3A2516D211060015D678 /* camera-icon-md.png in Resources */ = {isa = PBXBuildFile; fileRef = C48F3A2416D211060015D678 /* camera-icon-md.png */; };
		C491E68716F96B9800982997 /* CrumbPath.m in Sources */ = {isa = PBXBuildFile; fileRef = C491E68416F96B9800982997 /* CrumbPath.m */; };
		C491E68816F96B9800982997 /* CrumbPathView.m in Sources */ = {isa = PBXBuildFile; fileRef = C491E68616F96B9800982997 /* CrumbPathView.m */; };
		C49C638916ED48B200915D56 /* ConnectionDataController.m in Sources */ = {isa = PBXBuildFile; fileRef = C49C638816ED48B200915D56 /* ConnectionDataController.m */; };
		C49C638C16ED660000915D56 /* StatisticsViewController.m in Sources */ = {isa = PBXBuildFile; fileRef = C49C638B16ED660000915D56 /* StatisticsViewController.m */; };
		C4D244D016CEBA800017098A /* User.m in Sources */ = {isa = PBXBuildFile; fileRef = C4D244CF16CEBA800017098A /* User.m */; };
		C4D244D316CEC5210017098A /* UserDataController.m in Sources */ = {isa = PBXBuildFile; fileRef = C4D244D216CEC5210017098A /* UserDataController.m */; };
		C4EB1E4C1700046A0080176A /* 10hr.png in Resources */ = {isa = PBXBuildFile; fileRef = C4EB1E461700046A0080176A /* 10hr.png */; };
		C4EB1E4D1700046A0080176A /* 10km.png in Resources */ = {isa = PBXBuildFile; fileRef = C4EB1E471700046A0080176A /* 10km.png */; };
		C4EB1E4E1700046A0080176A /* 1hr.png in Resources */ = {isa = PBXBuildFile; fileRef = C4EB1E481700046A0080176A /* 1hr.png */; };
		C4EB1E4F1700046A0080176A /* 1km.png in Resources */ = {isa = PBXBuildFile; fileRef = C4EB1E491700046A0080176A /* 1km.png */; };
		C4EB1E501700046A0080176A /* 5hr.png in Resources */ = {isa = PBXBuildFile; fileRef = C4EB1E4A1700046A0080176A /* 5hr.png */; };
		C4EB1E511700046A0080176A /* 5km.png in Resources */ = {isa = PBXBuildFile; fileRef = C4EB1E4B1700046A0080176A /* 5km.png */; };
		C4EB1E551700052F0080176A /* BadgesViewController.m in Sources */ = {isa = PBXBuildFile; fileRef = C4EB1E541700052F0080176A /* BadgesViewController.m */; };
/* End PBXBuildFile section */

/* Begin PBXFileReference section */
		A70199AA16FD4647008CE64D /* 0.jpg */ = {isa = PBXFileReference; lastKnownFileType = image.jpeg; path = 0.jpg; sourceTree = "<group>"; };
		A70199AB16FD4647008CE64D /* 1.jpg */ = {isa = PBXFileReference; lastKnownFileType = image.jpeg; path = 1.jpg; sourceTree = "<group>"; };
		A70199AC16FD4647008CE64D /* 10.jpg */ = {isa = PBXFileReference; lastKnownFileType = image.jpeg; path = 10.jpg; sourceTree = "<group>"; };
		A70199AD16FD4647008CE64D /* 11.jpg */ = {isa = PBXFileReference; lastKnownFileType = image.jpeg; path = 11.jpg; sourceTree = "<group>"; };
		A70199AE16FD4647008CE64D /* 12.jpg */ = {isa = PBXFileReference; lastKnownFileType = image.jpeg; path = 12.jpg; sourceTree = "<group>"; };
		A70199AF16FD4647008CE64D /* 13.jpg */ = {isa = PBXFileReference; lastKnownFileType = image.jpeg; path = 13.jpg; sourceTree = "<group>"; };
		A70199B016FD4647008CE64D /* 14.jpg */ = {isa = PBXFileReference; lastKnownFileType = image.jpeg; path = 14.jpg; sourceTree = "<group>"; };
		A70199B116FD4647008CE64D /* 15.jpg */ = {isa = PBXFileReference; lastKnownFileType = image.jpeg; path = 15.jpg; sourceTree = "<group>"; };
		A70199B216FD4647008CE64D /* 16.jpg */ = {isa = PBXFileReference; lastKnownFileType = image.jpeg; path = 16.jpg; sourceTree = "<group>"; };
		A70199B316FD4647008CE64D /* 17.jpg */ = {isa = PBXFileReference; lastKnownFileType = image.jpeg; path = 17.jpg; sourceTree = "<group>"; };
		A70199B416FD4647008CE64D /* 18.jpg */ = {isa = PBXFileReference; lastKnownFileType = image.jpeg; path = 18.jpg; sourceTree = "<group>"; };
		A70199B516FD4647008CE64D /* 19.jpg */ = {isa = PBXFileReference; lastKnownFileType = image.jpeg; path = 19.jpg; sourceTree = "<group>"; };
		A70199B616FD4647008CE64D /* 2.jpg */ = {isa = PBXFileReference; lastKnownFileType = image.jpeg; path = 2.jpg; sourceTree = "<group>"; };
		A70199B716FD4647008CE64D /* 20.jpg */ = {isa = PBXFileReference; lastKnownFileType = image.jpeg; path = 20.jpg; sourceTree = "<group>"; };
		A70199B816FD4647008CE64D /* 21.jpg */ = {isa = PBXFileReference; lastKnownFileType = image.jpeg; path = 21.jpg; sourceTree = "<group>"; };
		A70199B916FD4647008CE64D /* 22.jpg */ = {isa = PBXFileReference; lastKnownFileType = image.jpeg; path = 22.jpg; sourceTree = "<group>"; };
		A70199BA16FD4647008CE64D /* 23.jpg */ = {isa = PBXFileReference; lastKnownFileType = image.jpeg; path = 23.jpg; sourceTree = "<group>"; };
		A70199BB16FD4647008CE64D /* 24.jpg */ = {isa = PBXFileReference; lastKnownFileType = image.jpeg; path = 24.jpg; sourceTree = "<group>"; };
		A70199BC16FD4647008CE64D /* 25.jpg */ = {isa = PBXFileReference; lastKnownFileType = image.jpeg; path = 25.jpg; sourceTree = "<group>"; };
		A70199BD16FD4647008CE64D /* 26.jpg */ = {isa = PBXFileReference; lastKnownFileType = image.jpeg; path = 26.jpg; sourceTree = "<group>"; };
		A70199BE16FD4647008CE64D /* 27.jpg */ = {isa = PBXFileReference; lastKnownFileType = image.jpeg; path = 27.jpg; sourceTree = "<group>"; };
		A70199BF16FD4647008CE64D /* 28.jpg */ = {isa = PBXFileReference; lastKnownFileType = image.jpeg; path = 28.jpg; sourceTree = "<group>"; };
		A70199C016FD4647008CE64D /* 29.jpg */ = {isa = PBXFileReference; lastKnownFileType = image.jpeg; path = 29.jpg; sourceTree = "<group>"; };
		A70199C116FD4647008CE64D /* 3.jpg */ = {isa = PBXFileReference; lastKnownFileType = image.jpeg; path = 3.jpg; sourceTree = "<group>"; };
		A70199C216FD4647008CE64D /* 30.jpg */ = {isa = PBXFileReference; lastKnownFileType = image.jpeg; path = 30.jpg; sourceTree = "<group>"; };
		A70199C316FD4647008CE64D /* 31.jpg */ = {isa = PBXFileReference; lastKnownFileType = image.jpeg; path = 31.jpg; sourceTree = "<group>"; };
		A70199C416FD4647008CE64D /* 32.jpg */ = {isa = PBXFileReference; lastKnownFileType = image.jpeg; path = 32.jpg; sourceTree = "<group>"; };
		A70199C516FD4647008CE64D /* 33.jpg */ = {isa = PBXFileReference; lastKnownFileType = image.jpeg; path = 33.jpg; sourceTree = "<group>"; };
		A70199C616FD4647008CE64D /* 34.jpg */ = {isa = PBXFileReference; lastKnownFileType = image.jpeg; path = 34.jpg; sourceTree = "<group>"; };
		A70199C716FD4647008CE64D /* 35.jpg */ = {isa = PBXFileReference; lastKnownFileType = image.jpeg; path = 35.jpg; sourceTree = "<group>"; };
		A70199C816FD4647008CE64D /* 36.jpg */ = {isa = PBXFileReference; lastKnownFileType = image.jpeg; path = 36.jpg; sourceTree = "<group>"; };
		A70199C916FD4647008CE64D /* 37.jpg */ = {isa = PBXFileReference; lastKnownFileType = image.jpeg; path = 37.jpg; sourceTree = "<group>"; };
		A70199CA16FD4647008CE64D /* 38.jpg */ = {isa = PBXFileReference; lastKnownFileType = image.jpeg; path = 38.jpg; sourceTree = "<group>"; };
		A70199CB16FD4647008CE64D /* 39.jpg */ = {isa = PBXFileReference; lastKnownFileType = image.jpeg; path = 39.jpg; sourceTree = "<group>"; };
		A70199CC16FD4647008CE64D /* 4.jpg */ = {isa = PBXFileReference; lastKnownFileType = image.jpeg; path = 4.jpg; sourceTree = "<group>"; };
		A70199CD16FD4647008CE64D /* 40.jpg */ = {isa = PBXFileReference; lastKnownFileType = image.jpeg; path = 40.jpg; sourceTree = "<group>"; };
		A70199CE16FD4647008CE64D /* 41.jpg */ = {isa = PBXFileReference; lastKnownFileType = image.jpeg; path = 41.jpg; sourceTree = "<group>"; };
		A70199CF16FD4647008CE64D /* 42.jpg */ = {isa = PBXFileReference; lastKnownFileType = image.jpeg; path = 42.jpg; sourceTree = "<group>"; };
		A70199D016FD4647008CE64D /* 43.jpg */ = {isa = PBXFileReference; lastKnownFileType = image.jpeg; path = 43.jpg; sourceTree = "<group>"; };
		A70199D116FD4647008CE64D /* 44.jpg */ = {isa = PBXFileReference; lastKnownFileType = image.jpeg; path = 44.jpg; sourceTree = "<group>"; };
		A70199D216FD4647008CE64D /* 45.jpg */ = {isa = PBXFileReference; lastKnownFileType = image.jpeg; path = 45.jpg; sourceTree = "<group>"; };
		A70199D316FD4647008CE64D /* 46.jpg */ = {isa = PBXFileReference; lastKnownFileType = image.jpeg; path = 46.jpg; sourceTree = "<group>"; };
		A70199D416FD4647008CE64D /* 47.jpg */ = {isa = PBXFileReference; lastKnownFileType = image.jpeg; path = 47.jpg; sourceTree = "<group>"; };
		A70199D516FD4647008CE64D /* 48.jpg */ = {isa = PBXFileReference; lastKnownFileType = image.jpeg; path = 48.jpg; sourceTree = "<group>"; };
		A70199D616FD4647008CE64D /* 49.jpg */ = {isa = PBXFileReference; lastKnownFileType = image.jpeg; path = 49.jpg; sourceTree = "<group>"; };
		A70199D716FD4647008CE64D /* 5.jpg */ = {isa = PBXFileReference; lastKnownFileType = image.jpeg; path = 5.jpg; sourceTree = "<group>"; };
		A70199D816FD4647008CE64D /* 50.jpg */ = {isa = PBXFileReference; lastKnownFileType = image.jpeg; path = 50.jpg; sourceTree = "<group>"; };
		A70199D916FD4647008CE64D /* 51.jpg */ = {isa = PBXFileReference; lastKnownFileType = image.jpeg; path = 51.jpg; sourceTree = "<group>"; };
		A70199DA16FD4647008CE64D /* 52.jpg */ = {isa = PBXFileReference; lastKnownFileType = image.jpeg; path = 52.jpg; sourceTree = "<group>"; };
		A70199DB16FD4647008CE64D /* 53.jpg */ = {isa = PBXFileReference; lastKnownFileType = image.jpeg; path = 53.jpg; sourceTree = "<group>"; };
		A70199DC16FD4647008CE64D /* 6.jpg */ = {isa = PBXFileReference; lastKnownFileType = image.jpeg; path = 6.jpg; sourceTree = "<group>"; };
		A70199DD16FD4647008CE64D /* 7.jpg */ = {isa = PBXFileReference; lastKnownFileType = image.jpeg; path = 7.jpg; sourceTree = "<group>"; };
		A70199DE16FD4647008CE64D /* 8.jpg */ = {isa = PBXFileReference; lastKnownFileType = image.jpeg; path = 8.jpg; sourceTree = "<group>"; };
		A70199DF16FD4647008CE64D /* 9.jpg */ = {isa = PBXFileReference; lastKnownFileType = image.jpeg; path = 9.jpg; sourceTree = "<group>"; };
		A70199E116FD4647008CE64D /* MainTopLog.png */ = {isa = PBXFileReference; lastKnownFileType = image.png; path = MainTopLog.png; sourceTree = "<group>"; };
		A70199E216FD4647008CE64D /* Patrol.png */ = {isa = PBXFileReference; lastKnownFileType = image.png; path = Patrol.png; sourceTree = "<group>"; };
		A70199E316FD4647008CE64D /* Report.png */ = {isa = PBXFileReference; lastKnownFileType = image.png; path = Report.png; sourceTree = "<group>"; };
		A70199E416FD4647008CE64D /* Stats.png */ = {isa = PBXFileReference; lastKnownFileType = image.png; path = Stats.png; sourceTree = "<group>"; };
		A7019A1F16FE5694008CE64D /* Report_.png */ = {isa = PBXFileReference; lastKnownFileType = image.png; path = Report_.png; sourceTree = "<group>"; };
		A7019A2016FE5694008CE64D /* Patrol_.png */ = {isa = PBXFileReference; lastKnownFileType = image.png; path = Patrol_.png; sourceTree = "<group>"; };
		A7019A2116FE5694008CE64D /* Stats_.png */ = {isa = PBXFileReference; lastKnownFileType = image.png; path = Stats_.png; sourceTree = "<group>"; };
		A7019A2616FE82BB008CE64D /* Icon114.png */ = {isa = PBXFileReference; lastKnownFileType = image.png; path = Icon114.png; sourceTree = "<group>"; };
		A7019A2716FE82BB008CE64D /* Icon57.png */ = {isa = PBXFileReference; lastKnownFileType = image.png; path = Icon57.png; sourceTree = "<group>"; };
		A7019A2816FE82BB008CE64D /* LaunchImage.png */ = {isa = PBXFileReference; lastKnownFileType = image.png; path = LaunchImage.png; sourceTree = "<group>"; };
		A7019A2916FE82BB008CE64D /* LogoImage.png */ = {isa = PBXFileReference; lastKnownFileType = image.png; path = LogoImage.png; sourceTree = "<group>"; };
		A7019A3216FE8CC8008CE64D /* LaunchImageSmall.png */ = {isa = PBXFileReference; lastKnownFileType = image.png; path = LaunchImageSmall.png; sourceTree = "<group>"; };
		A7019A3416FE9FC1008CE64D /* MainTopLogo.png */ = {isa = PBXFileReference; lastKnownFileType = image.png; path = MainTopLogo.png; sourceTree = "<group>"; };
		A7F2F73316F04357005F9E8A /* MainViewController.h */ = {isa = PBXFileReference; fileEncoding = 4; lastKnownFileType = sourcecode.c.h; path = MainViewController.h; sourceTree = "<group>"; };
		A7F2F73416F04357005F9E8A /* MainViewController.m */ = {isa = PBXFileReference; fileEncoding = 4; lastKnownFileType = sourcecode.c.objc; path = MainViewController.m; sourceTree = "<group>"; };
		C313066716DF1CEE005FB151 /* MapKit.framework */ = {isa = PBXFileReference; lastKnownFileType = wrapper.framework; name = MapKit.framework; path = System/Library/Frameworks/MapKit.framework; sourceTree = SDKROOT; };
		C38C5EF716EFA18600679A87 /* Timer.h */ = {isa = PBXFileReference; fileEncoding = 4; lastKnownFileType = sourcecode.c.h; path = Timer.h; sourceTree = "<group>"; };
		C38C5EF816EFA18600679A87 /* Timer.m */ = {isa = PBXFileReference; fileEncoding = 4; lastKnownFileType = sourcecode.c.objc; path = Timer.m; sourceTree = "<group>"; };
		C392633F16F971E200FA29E5 /* MapViewController.h */ = {isa = PBXFileReference; fileEncoding = 4; lastKnownFileType = sourcecode.c.h; path = MapViewController.h; sourceTree = "<group>"; };
		C392634016F971E200FA29E5 /* MapViewController.m */ = {isa = PBXFileReference; fileEncoding = 4; lastKnownFileType = sourcecode.c.objc; path = MapViewController.m; sourceTree = "<group>"; };
		C39E8B5B16CF370E0087FBDD /* Report.h */ = {isa = PBXFileReference; fileEncoding = 4; lastKnownFileType = sourcecode.c.h; path = Report.h; sourceTree = "<group>"; };
		C39E8B5C16CF370E0087FBDD /* Report.m */ = {isa = PBXFileReference; fileEncoding = 4; lastKnownFileType = sourcecode.c.objc; path = Report.m; sourceTree = "<group>"; };
		C39E8B5E16CF371D0087FBDD /* ReportDataController.h */ = {isa = PBXFileReference; fileEncoding = 4; lastKnownFileType = sourcecode.c.h; path = ReportDataController.h; sourceTree = "<group>"; };
		C39E8B5F16CF371D0087FBDD /* ReportDataController.m */ = {isa = PBXFileReference; fileEncoding = 4; lastKnownFileType = sourcecode.c.objc; path = ReportDataController.m; sourceTree = "<group>"; };
		C39E8B6116CF37420087FBDD /* ReportViewController.h */ = {isa = PBXFileReference; fileEncoding = 4; lastKnownFileType = sourcecode.c.h; path = ReportViewController.h; sourceTree = "<group>"; };
		C39E8B6216CF37420087FBDD /* ReportViewController.m */ = {isa = PBXFileReference; fileEncoding = 4; lastKnownFileType = sourcecode.c.objc; path = ReportViewController.m; sourceTree = "<group>"; };
		C3AEED6A16ED54AD002C16EC /* CoreLocation.framework */ = {isa = PBXFileReference; lastKnownFileType = wrapper.framework; name = CoreLocation.framework; path = System/Library/Frameworks/CoreLocation.framework; sourceTree = SDKROOT; };
		C4150B9E16CCA93C00876850 /* peaceguard.app */ = {isa = PBXFileReference; explicitFileType = wrapper.application; includeInIndex = 0; path = peaceguard.app; sourceTree = BUILT_PRODUCTS_DIR; };
		C4150BA116CCA93C00876850 /* UIKit.framework */ = {isa = PBXFileReference; lastKnownFileType = wrapper.framework; name = UIKit.framework; path = System/Library/Frameworks/UIKit.framework; sourceTree = SDKROOT; };
		C4150BA316CCA93C00876850 /* Foundation.framework */ = {isa = PBXFileReference; lastKnownFileType = wrapper.framework; name = Foundation.framework; path = System/Library/Frameworks/Foundation.framework; sourceTree = SDKROOT; };
		C4150BA516CCA93C00876850 /* CoreGraphics.framework */ = {isa = PBXFileReference; lastKnownFileType = wrapper.framework; name = CoreGraphics.framework; path = System/Library/Frameworks/CoreGraphics.framework; sourceTree = SDKROOT; };
		C4150BA916CCA93C00876850 /* peaceguard-Info.plist */ = {isa = PBXFileReference; lastKnownFileType = text.plist.xml; path = "peaceguard-Info.plist"; sourceTree = "<group>"; };
		C4150BAB16CCA93C00876850 /* en */ = {isa = PBXFileReference; lastKnownFileType = text.plist.strings; name = en; path = en.lproj/InfoPlist.strings; sourceTree = "<group>"; };
		C4150BAD16CCA93C00876850 /* main.m */ = {isa = PBXFileReference; lastKnownFileType = sourcecode.c.objc; path = main.m; sourceTree = "<group>"; };
		C4150BAF16CCA93C00876850 /* peaceguard-Prefix.pch */ = {isa = PBXFileReference; lastKnownFileType = sourcecode.c.h; path = "peaceguard-Prefix.pch"; sourceTree = "<group>"; };
		C4150BB016CCA93C00876850 /* PeaceGuardAppDelegate.h */ = {isa = PBXFileReference; lastKnownFileType = sourcecode.c.h; path = PeaceGuardAppDelegate.h; sourceTree = "<group>"; };
		C4150BB116CCA93C00876850 /* PeaceGuardAppDelegate.m */ = {isa = PBXFileReference; lastKnownFileType = sourcecode.c.objc; path = PeaceGuardAppDelegate.m; sourceTree = "<group>"; };
		C4150BB316CCA93C00876850 /* Default.png */ = {isa = PBXFileReference; lastKnownFileType = image.png; path = Default.png; sourceTree = "<group>"; };
		C4150BB516CCA93C00876850 /* Default@2x.png */ = {isa = PBXFileReference; lastKnownFileType = image.png; path = "Default@2x.png"; sourceTree = "<group>"; };
		C4150BB716CCA93C00876850 /* Default-568h@2x.png */ = {isa = PBXFileReference; lastKnownFileType = image.png; path = "Default-568h@2x.png"; sourceTree = "<group>"; };
		C4150BBA16CCA93C00876850 /* en */ = {isa = PBXFileReference; lastKnownFileType = file.storyboard; name = en; path = en.lproj/MainStoryboard.storyboard; sourceTree = "<group>"; };
		C4150BBC16CCA93C00876850 /* PeaceGuardViewController.h */ = {isa = PBXFileReference; lastKnownFileType = sourcecode.c.h; path = PeaceGuardViewController.h; sourceTree = "<group>"; };
		C4150BBD16CCA93C00876850 /* PeaceGuardViewController.m */ = {isa = PBXFileReference; lastKnownFileType = sourcecode.c.objc; path = PeaceGuardViewController.m; sourceTree = "<group>"; };
		C43C36C616FD024B004A9E84 /* SystemConfiguration.framework */ = {isa = PBXFileReference; lastKnownFileType = wrapper.framework; name = SystemConfiguration.framework; path = System/Library/Frameworks/SystemConfiguration.framework; sourceTree = SDKROOT; };
		C43C36C816FD0261004A9E84 /* Reachability.h */ = {isa = PBXFileReference; fileEncoding = 4; lastKnownFileType = sourcecode.c.h; path = Reachability.h; sourceTree = "<group>"; };
		C43C36C916FD0261004A9E84 /* Reachability.m */ = {isa = PBXFileReference; fileEncoding = 4; lastKnownFileType = sourcecode.c.objc; path = Reachability.m; sourceTree = "<group>"; };
		C48F3A1A16D1F43A0015D678 /* Icon57x57.png */ = {isa = PBXFileReference; lastKnownFileType = image.png; path = Icon57x57.png; sourceTree = "<group>"; };
		C48F3A1C16D1F43D0015D678 /* Icon114x114.png */ = {isa = PBXFileReference; lastKnownFileType = image.png; path = Icon114x114.png; sourceTree = "<group>"; };
		C48F3A1E16D1F4460015D678 /* Default.png */ = {isa = PBXFileReference; lastKnownFileType = image.png; path = Default.png; sourceTree = "<group>"; };
		C48F3A2016D1F4560015D678 /* Default@2x.png */ = {isa = PBXFileReference; lastKnownFileType = image.png; path = "Default@2x.png"; sourceTree = "<group>"; };
		C48F3A2216D1F4590015D678 /* Default-568h@2x.png */ = {isa = PBXFileReference; lastKnownFileType = image.png; path = "Default-568h@2x.png"; sourceTree = "<group>"; };
		C48F3A2416D211060015D678 /* camera-icon-md.png */ = {isa = PBXFileReference; lastKnownFileType = image.png; path = "camera-icon-md.png"; sourceTree = "<group>"; };
		C491E68316F96B9800982997 /* CrumbPath.h */ = {isa = PBXFileReference; fileEncoding = 4; lastKnownFileType = sourcecode.c.h; path = CrumbPath.h; sourceTree = "<group>"; };
		C491E68416F96B9800982997 /* CrumbPath.m */ = {isa = PBXFileReference; fileEncoding = 4; lastKnownFileType = sourcecode.c.objc; path = CrumbPath.m; sourceTree = "<group>"; };
		C491E68516F96B9800982997 /* CrumbPathView.h */ = {isa = PBXFileReference; fileEncoding = 4; lastKnownFileType = sourcecode.c.h; path = CrumbPathView.h; sourceTree = "<group>"; };
		C491E68616F96B9800982997 /* CrumbPathView.m */ = {isa = PBXFileReference; fileEncoding = 4; lastKnownFileType = sourcecode.c.objc; path = CrumbPathView.m; sourceTree = "<group>"; };
		C49C638716ED48B200915D56 /* ConnectionDataController.h */ = {isa = PBXFileReference; fileEncoding = 4; lastKnownFileType = sourcecode.c.h; path = ConnectionDataController.h; sourceTree = "<group>"; };
		C49C638816ED48B200915D56 /* ConnectionDataController.m */ = {isa = PBXFileReference; fileEncoding = 4; lastKnownFileType = sourcecode.c.objc; path = ConnectionDataController.m; sourceTree = "<group>"; };
		C49C638A16ED660000915D56 /* StatisticsViewController.h */ = {isa = PBXFileReference; fileEncoding = 4; lastKnownFileType = sourcecode.c.h; path = StatisticsViewController.h; sourceTree = "<group>"; };
		C49C638B16ED660000915D56 /* StatisticsViewController.m */ = {isa = PBXFileReference; fileEncoding = 4; lastKnownFileType = sourcecode.c.objc; path = StatisticsViewController.m; sourceTree = "<group>"; };
		C4D244CE16CEBA800017098A /* User.h */ = {isa = PBXFileReference; fileEncoding = 4; lastKnownFileType = sourcecode.c.h; path = User.h; sourceTree = "<group>"; };
		C4D244CF16CEBA800017098A /* User.m */ = {isa = PBXFileReference; fileEncoding = 4; lastKnownFileType = sourcecode.c.objc; path = User.m; sourceTree = "<group>"; };
		C4D244D116CEC5210017098A /* UserDataController.h */ = {isa = PBXFileReference; fileEncoding = 4; lastKnownFileType = sourcecode.c.h; path = UserDataController.h; sourceTree = "<group>"; };
		C4D244D216CEC5210017098A /* UserDataController.m */ = {isa = PBXFileReference; fileEncoding = 4; lastKnownFileType = sourcecode.c.objc; path = UserDataController.m; sourceTree = "<group>"; };
		C4EB1E461700046A0080176A /* 10hr.png */ = {isa = PBXFileReference; lastKnownFileType = image.png; path = 10hr.png; sourceTree = "<group>"; };
		C4EB1E471700046A0080176A /* 10km.png */ = {isa = PBXFileReference; lastKnownFileType = image.png; path = 10km.png; sourceTree = "<group>"; };
		C4EB1E481700046A0080176A /* 1hr.png */ = {isa = PBXFileReference; lastKnownFileType = image.png; path = 1hr.png; sourceTree = "<group>"; };
		C4EB1E491700046A0080176A /* 1km.png */ = {isa = PBXFileReference; lastKnownFileType = image.png; path = 1km.png; sourceTree = "<group>"; };
		C4EB1E4A1700046A0080176A /* 5hr.png */ = {isa = PBXFileReference; lastKnownFileType = image.png; path = 5hr.png; sourceTree = "<group>"; };
		C4EB1E4B1700046A0080176A /* 5km.png */ = {isa = PBXFileReference; lastKnownFileType = image.png; path = 5km.png; sourceTree = "<group>"; };
		C4EB1E531700052F0080176A /* BadgesViewController.h */ = {isa = PBXFileReference; fileEncoding = 4; lastKnownFileType = sourcecode.c.h; path = BadgesViewController.h; sourceTree = "<group>"; };
		C4EB1E541700052F0080176A /* BadgesViewController.m */ = {isa = PBXFileReference; fileEncoding = 4; lastKnownFileType = sourcecode.c.objc; path = BadgesViewController.m; sourceTree = "<group>"; };
/* End PBXFileReference section */

/* Begin PBXFrameworksBuildPhase section */
		C4150B9B16CCA93C00876850 /* Frameworks */ = {
			isa = PBXFrameworksBuildPhase;
			buildActionMask = 2147483647;
			files = (
				C43C36C716FD024B004A9E84 /* SystemConfiguration.framework in Frameworks */,
				C3AEED6B16ED54AD002C16EC /* CoreLocation.framework in Frameworks */,
				C313066816DF1CEE005FB151 /* MapKit.framework in Frameworks */,
				C4150BA216CCA93C00876850 /* UIKit.framework in Frameworks */,
				C4150BA416CCA93C00876850 /* Foundation.framework in Frameworks */,
				C4150BA616CCA93C00876850 /* CoreGraphics.framework in Frameworks */,
			);
			runOnlyForDeploymentPostprocessing = 0;
		};
/* End PBXFrameworksBuildPhase section */

/* Begin PBXGroup section */
		A70199A916FD4647008CE64D /* MainMenuBackgroundPoints */ = {
			isa = PBXGroup;
			children = (
				A70199AA16FD4647008CE64D /* 0.jpg */,
				A70199AB16FD4647008CE64D /* 1.jpg */,
				A70199AC16FD4647008CE64D /* 10.jpg */,
				A70199AD16FD4647008CE64D /* 11.jpg */,
				A70199AE16FD4647008CE64D /* 12.jpg */,
				A70199AF16FD4647008CE64D /* 13.jpg */,
				A70199B016FD4647008CE64D /* 14.jpg */,
				A70199B116FD4647008CE64D /* 15.jpg */,
				A70199B216FD4647008CE64D /* 16.jpg */,
				A70199B316FD4647008CE64D /* 17.jpg */,
				A70199B416FD4647008CE64D /* 18.jpg */,
				A70199B516FD4647008CE64D /* 19.jpg */,
				A70199B616FD4647008CE64D /* 2.jpg */,
				A70199B716FD4647008CE64D /* 20.jpg */,
				A70199B816FD4647008CE64D /* 21.jpg */,
				A70199B916FD4647008CE64D /* 22.jpg */,
				A70199BA16FD4647008CE64D /* 23.jpg */,
				A70199BB16FD4647008CE64D /* 24.jpg */,
				A70199BC16FD4647008CE64D /* 25.jpg */,
				A70199BD16FD4647008CE64D /* 26.jpg */,
				A70199BE16FD4647008CE64D /* 27.jpg */,
				A70199BF16FD4647008CE64D /* 28.jpg */,
				A70199C016FD4647008CE64D /* 29.jpg */,
				A70199C116FD4647008CE64D /* 3.jpg */,
				A70199C216FD4647008CE64D /* 30.jpg */,
				A70199C316FD4647008CE64D /* 31.jpg */,
				A70199C416FD4647008CE64D /* 32.jpg */,
				A70199C516FD4647008CE64D /* 33.jpg */,
				A70199C616FD4647008CE64D /* 34.jpg */,
				A70199C716FD4647008CE64D /* 35.jpg */,
				A70199C816FD4647008CE64D /* 36.jpg */,
				A70199C916FD4647008CE64D /* 37.jpg */,
				A70199CA16FD4647008CE64D /* 38.jpg */,
				A70199CB16FD4647008CE64D /* 39.jpg */,
				A70199CC16FD4647008CE64D /* 4.jpg */,
				A70199CD16FD4647008CE64D /* 40.jpg */,
				A70199CE16FD4647008CE64D /* 41.jpg */,
				A70199CF16FD4647008CE64D /* 42.jpg */,
				A70199D016FD4647008CE64D /* 43.jpg */,
				A70199D116FD4647008CE64D /* 44.jpg */,
				A70199D216FD4647008CE64D /* 45.jpg */,
				A70199D316FD4647008CE64D /* 46.jpg */,
				A70199D416FD4647008CE64D /* 47.jpg */,
				A70199D516FD4647008CE64D /* 48.jpg */,
				A70199D616FD4647008CE64D /* 49.jpg */,
				A70199D716FD4647008CE64D /* 5.jpg */,
				A70199D816FD4647008CE64D /* 50.jpg */,
				A70199D916FD4647008CE64D /* 51.jpg */,
				A70199DA16FD4647008CE64D /* 52.jpg */,
				A70199DB16FD4647008CE64D /* 53.jpg */,
				A70199DC16FD4647008CE64D /* 6.jpg */,
				A70199DD16FD4647008CE64D /* 7.jpg */,
				A70199DE16FD4647008CE64D /* 8.jpg */,
				A70199DF16FD4647008CE64D /* 9.jpg */,
			);
			name = MainMenuBackgroundPoints;
			path = app_images/MainMenuBackgroundPoints;
			sourceTree = SOURCE_ROOT;
		};
		A70199E016FD4647008CE64D /* ButtonTexts */ = {
			isa = PBXGroup;
			children = (
				A7019A1F16FE5694008CE64D /* Report_.png */,
				A7019A2016FE5694008CE64D /* Patrol_.png */,
				A7019A2116FE5694008CE64D /* Stats_.png */,
				A70199E116FD4647008CE64D /* MainTopLog.png */,
				A70199E216FD4647008CE64D /* Patrol.png */,
				A70199E316FD4647008CE64D /* Report.png */,
				A70199E416FD4647008CE64D /* Stats.png */,
			);
			name = ButtonTexts;
			path = app_images/ButtonTexts;
			sourceTree = SOURCE_ROOT;
		};
		A7019A2516FE82BB008CE64D /* SystemImages */ = {
			isa = PBXGroup;
			children = (
				A7019A3416FE9FC1008CE64D /* MainTopLogo.png */,
				A7019A3216FE8CC8008CE64D /* LaunchImageSmall.png */,
				A7019A2616FE82BB008CE64D /* Icon114.png */,
				A7019A2716FE82BB008CE64D /* Icon57.png */,
				A7019A2816FE82BB008CE64D /* LaunchImage.png */,
				A7019A2916FE82BB008CE64D /* LogoImage.png */,
			);
			name = SystemImages;
			path = app_images/SystemImages;
			sourceTree = SOURCE_ROOT;
		};
		C4150B9516CCA93C00876850 = {
			isa = PBXGroup;
			children = (
				C43C36C616FD024B004A9E84 /* SystemConfiguration.framework */,
				C3AEED6A16ED54AD002C16EC /* CoreLocation.framework */,
				C313066716DF1CEE005FB151 /* MapKit.framework */,
				C48F3A2416D211060015D678 /* camera-icon-md.png */,
				C48F3A2216D1F4590015D678 /* Default-568h@2x.png */,
				C48F3A2016D1F4560015D678 /* Default@2x.png */,
				C48F3A1E16D1F4460015D678 /* Default.png */,
				C48F3A1C16D1F43D0015D678 /* Icon114x114.png */,
				C48F3A1A16D1F43A0015D678 /* Icon57x57.png */,
				C4150BA716CCA93C00876850 /* peaceguard */,
				C4150BA016CCA93C00876850 /* Frameworks */,
				C4150B9F16CCA93C00876850 /* Products */,
			);
			sourceTree = "<group>";
		};
		C4150B9F16CCA93C00876850 /* Products */ = {
			isa = PBXGroup;
			children = (
				C4150B9E16CCA93C00876850 /* peaceguard.app */,
			);
			name = Products;
			sourceTree = "<group>";
		};
		C4150BA016CCA93C00876850 /* Frameworks */ = {
			isa = PBXGroup;
			children = (
				C4150BA116CCA93C00876850 /* UIKit.framework */,
				C4150BA316CCA93C00876850 /* Foundation.framework */,
				C4150BA516CCA93C00876850 /* CoreGraphics.framework */,
			);
			name = Frameworks;
			sourceTree = "<group>";
		};
		C4150BA716CCA93C00876850 /* peaceguard */ = {
			isa = PBXGroup;
			children = (
				C49BD73317005F6F00976841 /* MainMenu */,
				C49BD73217005F5900976841 /* Login */,
				C49BD73117005F2F00976841 /* Patrol */,
				C49BD73017005EB100976841 /* Report */,
				C49BD72F17005EA000976841 /* User */,
				C4EB1E52170004E50080176A /* Statistics */,
				C4EB1E451700046A0080176A /* Badges */,
				A7019A2516FE82BB008CE64D /* SystemImages */,
				A70199A916FD4647008CE64D /* MainMenuBackgroundPoints */,
				A70199E016FD4647008CE64D /* ButtonTexts */,
				C43C36CB16FD0271004A9E84 /* ServerConnection */,
				C4F0716A16F96C2B000368B0 /* Overlay */,
				C4150BB016CCA93C00876850 /* PeaceGuardAppDelegate.h */,
				C4150BB116CCA93C00876850 /* PeaceGuardAppDelegate.m */,
				C4150BB916CCA93C00876850 /* MainStoryboard.storyboard */,
				C4150BA816CCA93C00876850 /* Supporting Files */,
			);
			path = peaceguard;
			sourceTree = "<group>";
		};
		C4150BA816CCA93C00876850 /* Supporting Files */ = {
			isa = PBXGroup;
			children = (
				C4150BA916CCA93C00876850 /* peaceguard-Info.plist */,
				C4150BAA16CCA93C00876850 /* InfoPlist.strings */,
				C4150BAD16CCA93C00876850 /* main.m */,
				C4150BAF16CCA93C00876850 /* peaceguard-Prefix.pch */,
				C4150BB316CCA93C00876850 /* Default.png */,
				C4150BB516CCA93C00876850 /* Default@2x.png */,
				C4150BB716CCA93C00876850 /* Default-568h@2x.png */,
			);
			name = "Supporting Files";
			sourceTree = "<group>";
		};
		C43C36CB16FD0271004A9E84 /* ServerConnection */ = {
			isa = PBXGroup;
			children = (
				C49C638716ED48B200915D56 /* ConnectionDataController.h */,
				C49C638816ED48B200915D56 /* ConnectionDataController.m */,
				C43C36C816FD0261004A9E84 /* Reachability.h */,
				C43C36C916FD0261004A9E84 /* Reachability.m */,
			);
			name = ServerConnection;
			sourceTree = "<group>";
		};
		C49BD72F17005EA000976841 /* User */ = {
			isa = PBXGroup;
			children = (
				C4D244CE16CEBA800017098A /* User.h */,
				C4D244D116CEC5210017098A /* UserDataController.h */,
				C4D244D216CEC5210017098A /* UserDataController.m */,
				C4D244CF16CEBA800017098A /* User.m */,
			);
			name = User;
			sourceTree = "<group>";
		};
		C49BD73017005EB100976841 /* Report */ = {
			isa = PBXGroup;
			children = (
				C39E8B5B16CF370E0087FBDD /* Report.h */,
				C39E8B5C16CF370E0087FBDD /* Report.m */,
				C39E8B5E16CF371D0087FBDD /* ReportDataController.h */,
				C39E8B5F16CF371D0087FBDD /* ReportDataController.m */,
				C39E8B6116CF37420087FBDD /* ReportViewController.h */,
				C39E8B6216CF37420087FBDD /* ReportViewController.m */,
			);
			name = Report;
			sourceTree = "<group>";
		};
		C49BD73117005F2F00976841 /* Patrol */ = {
			isa = PBXGroup;
			children = (
				C392633F16F971E200FA29E5 /* MapViewController.h */,
				C392634016F971E200FA29E5 /* MapViewController.m */,
				C38C5EF716EFA18600679A87 /* Timer.h */,
				C38C5EF816EFA18600679A87 /* Timer.m */,
			);
			name = Patrol;
			sourceTree = "<group>";
		};
		C49BD73217005F5900976841 /* Login */ = {
			isa = PBXGroup;
			children = (
				C4150BBC16CCA93C00876850 /* PeaceGuardViewController.h */,
				C4150BBD16CCA93C00876850 /* PeaceGuardViewController.m */,
			);
			name = Login;
			sourceTree = "<group>";
		};
		C49BD73317005F6F00976841 /* MainMenu */ = {
			isa = PBXGroup;
			children = (
				A7F2F73316F04357005F9E8A /* MainViewController.h */,
				A7F2F73416F04357005F9E8A /* MainViewController.m */,
			);
			name = MainMenu;
			sourceTree = "<group>";
		};
		C4EB1E451700046A0080176A /* Badges */ = {
			isa = PBXGroup;
			children = (
				C4EB1E461700046A0080176A /* 10hr.png */,
				C4EB1E471700046A0080176A /* 10km.png */,
				C4EB1E481700046A0080176A /* 1hr.png */,
				C4EB1E491700046A0080176A /* 1km.png */,
				C4EB1E4A1700046A0080176A /* 5hr.png */,
				C4EB1E4B1700046A0080176A /* 5km.png */,
			);
			name = Badges;
			path = app_images/Badges;
			sourceTree = SOURCE_ROOT;
		};
		C4EB1E52170004E50080176A /* Statistics */ = {
			isa = PBXGroup;
			children = (
				C49C638A16ED660000915D56 /* StatisticsViewController.h */,
				C49C638B16ED660000915D56 /* StatisticsViewController.m */,
				C4EB1E531700052F0080176A /* BadgesViewController.h */,
				C4EB1E541700052F0080176A /* BadgesViewController.m */,
			);
			name = Statistics;
			sourceTree = "<group>";
		};
		C4F0716A16F96C2B000368B0 /* Overlay */ = {
			isa = PBXGroup;
			children = (
				C491E68316F96B9800982997 /* CrumbPath.h */,
				C491E68416F96B9800982997 /* CrumbPath.m */,
				C491E68516F96B9800982997 /* CrumbPathView.h */,
				C491E68616F96B9800982997 /* CrumbPathView.m */,
			);
			name = Overlay;
			sourceTree = "<group>";
		};
/* End PBXGroup section */

/* Begin PBXNativeTarget section */
		C4150B9D16CCA93C00876850 /* peaceguard */ = {
			isa = PBXNativeTarget;
			buildConfigurationList = C4150BC116CCA93C00876850 /* Build configuration list for PBXNativeTarget "peaceguard" */;
			buildPhases = (
				C4150B9A16CCA93C00876850 /* Sources */,
				C4150B9B16CCA93C00876850 /* Frameworks */,
				C4150B9C16CCA93C00876850 /* Resources */,
			);
			buildRules = (
			);
			dependencies = (
			);
			name = peaceguard;
			productName = peaceguard;
			productReference = C4150B9E16CCA93C00876850 /* peaceguard.app */;
			productType = "com.apple.product-type.application";
		};
/* End PBXNativeTarget section */

/* Begin PBXProject section */
		C4150B9616CCA93C00876850 /* Project object */ = {
			isa = PBXProject;
			attributes = {
				CLASSPREFIX = PeaceGuard;
				LastUpgradeCheck = 0460;
				ORGANIZATIONNAME = "Ashley Lesperance";
			};
			buildConfigurationList = C4150B9916CCA93C00876850 /* Build configuration list for PBXProject "peaceguard" */;
			compatibilityVersion = "Xcode 3.2";
			developmentRegion = English;
			hasScannedForEncodings = 0;
			knownRegions = (
				en,
			);
			mainGroup = C4150B9516CCA93C00876850;
			productRefGroup = C4150B9F16CCA93C00876850 /* Products */;
			projectDirPath = "";
			projectRoot = "";
			targets = (
				C4150B9D16CCA93C00876850 /* peaceguard */,
			);
		};
/* End PBXProject section */

/* Begin PBXResourcesBuildPhase section */
		C4150B9C16CCA93C00876850 /* Resources */ = {
			isa = PBXResourcesBuildPhase;
			buildActionMask = 2147483647;
			files = (
				C4150BAC16CCA93C00876850 /* InfoPlist.strings in Resources */,
				C4150BBB16CCA93C00876850 /* MainStoryboard.storyboard in Resources */,
				C48F3A1B16D1F43A0015D678 /* Icon57x57.png in Resources */,
				C48F3A1D16D1F43D0015D678 /* Icon114x114.png in Resources */,
				C48F3A1F16D1F4460015D678 /* Default.png in Resources */,
				C48F3A2116D1F4560015D678 /* Default@2x.png in Resources */,
				C48F3A2316D1F4590015D678 /* Default-568h@2x.png in Resources */,
				C48F3A2516D211060015D678 /* camera-icon-md.png in Resources */,
				A70199E516FD4647008CE64D /* 0.jpg in Resources */,
				A70199E616FD4647008CE64D /* 1.jpg in Resources */,
				A70199E716FD4647008CE64D /* 10.jpg in Resources */,
				A70199E816FD4647008CE64D /* 11.jpg in Resources */,
				A70199E916FD4647008CE64D /* 12.jpg in Resources */,
				A70199EA16FD4647008CE64D /* 13.jpg in Resources */,
				A70199EB16FD4647008CE64D /* 14.jpg in Resources */,
				A70199EC16FD4647008CE64D /* 15.jpg in Resources */,
				A70199ED16FD4647008CE64D /* 16.jpg in Resources */,
				A70199EE16FD4647008CE64D /* 17.jpg in Resources */,
				A70199EF16FD4647008CE64D /* 18.jpg in Resources */,
				A70199F016FD4647008CE64D /* 19.jpg in Resources */,
				A70199F116FD4647008CE64D /* 2.jpg in Resources */,
				A70199F216FD4647008CE64D /* 20.jpg in Resources */,
				A70199F316FD4647008CE64D /* 21.jpg in Resources */,
				A70199F416FD4647008CE64D /* 22.jpg in Resources */,
				A70199F516FD4647008CE64D /* 23.jpg in Resources */,
				A70199F616FD4647008CE64D /* 24.jpg in Resources */,
				A70199F716FD4647008CE64D /* 25.jpg in Resources */,
				A70199F816FD4647008CE64D /* 26.jpg in Resources */,
				A70199F916FD4647008CE64D /* 27.jpg in Resources */,
				A70199FA16FD4647008CE64D /* 28.jpg in Resources */,
				A70199FB16FD4647008CE64D /* 29.jpg in Resources */,
				A70199FC16FD4647008CE64D /* 3.jpg in Resources */,
				A70199FD16FD4647008CE64D /* 30.jpg in Resources */,
				A70199FE16FD4647008CE64D /* 31.jpg in Resources */,
				A70199FF16FD4647008CE64D /* 32.jpg in Resources */,
				A7019A0016FD4647008CE64D /* 33.jpg in Resources */,
				A7019A0116FD4647008CE64D /* 34.jpg in Resources */,
				A7019A0216FD4647008CE64D /* 35.jpg in Resources */,
				A7019A0316FD4647008CE64D /* 36.jpg in Resources */,
				A7019A0416FD4647008CE64D /* 37.jpg in Resources */,
				A7019A0516FD4647008CE64D /* 38.jpg in Resources */,
				A7019A0616FD4647008CE64D /* 39.jpg in Resources */,
				A7019A0716FD4647008CE64D /* 4.jpg in Resources */,
				A7019A0816FD4647008CE64D /* 40.jpg in Resources */,
				A7019A0916FD4647008CE64D /* 41.jpg in Resources */,
				A7019A0A16FD4647008CE64D /* 42.jpg in Resources */,
				A7019A0B16FD4647008CE64D /* 43.jpg in Resources */,
				A7019A0C16FD4647008CE64D /* 44.jpg in Resources */,
				A7019A0D16FD4647008CE64D /* 45.jpg in Resources */,
				A7019A0E16FD4647008CE64D /* 46.jpg in Resources */,
				A7019A0F16FD4647008CE64D /* 47.jpg in Resources */,
				A7019A1016FD4647008CE64D /* 48.jpg in Resources */,
				A7019A1116FD4647008CE64D /* 49.jpg in Resources */,
				A7019A1216FD4647008CE64D /* 5.jpg in Resources */,
				A7019A1316FD4647008CE64D /* 50.jpg in Resources */,
				A7019A1416FD4647008CE64D /* 51.jpg in Resources */,
				A7019A1516FD4647008CE64D /* 52.jpg in Resources */,
				A7019A1616FD4647008CE64D /* 53.jpg in Resources */,
				A7019A1716FD4647008CE64D /* 6.jpg in Resources */,
				A7019A1816FD4647008CE64D /* 7.jpg in Resources */,
				A7019A1916FD4647008CE64D /* 8.jpg in Resources */,
				A7019A1A16FD4647008CE64D /* 9.jpg in Resources */,
				A7019A1B16FD4647008CE64D /* MainTopLog.png in Resources */,
				A7019A1C16FD4647008CE64D /* Patrol.png in Resources */,
				A7019A1D16FD4647008CE64D /* Report.png in Resources */,
				A7019A1E16FD4647008CE64D /* Stats.png in Resources */,
				A7019A2216FE5694008CE64D /* Report_.png in Resources */,
				A7019A2316FE5694008CE64D /* Patrol_.png in Resources */,
				A7019A2416FE5694008CE64D /* Stats_.png in Resources */,
				A7019A2A16FE82BB008CE64D /* Icon114.png in Resources */,
				A7019A2B16FE82BB008CE64D /* Icon57.png in Resources */,
				A7019A2C16FE82BB008CE64D /* LaunchImage.png in Resources */,
				A7019A2D16FE82BB008CE64D /* LogoImage.png in Resources */,
				A7019A3316FE8CC8008CE64D /* LaunchImageSmall.png in Resources */,
				A7019A3516FE9FC1008CE64D /* MainTopLogo.png in Resources */,
				C4EB1E4C1700046A0080176A /* 10hr.png in Resources */,
				C4EB1E4D1700046A0080176A /* 10km.png in Resources */,
				C4EB1E4E1700046A0080176A /* 1hr.png in Resources */,
				C4EB1E4F1700046A0080176A /* 1km.png in Resources */,
				C4EB1E501700046A0080176A /* 5hr.png in Resources */,
				C4EB1E511700046A0080176A /* 5km.png in Resources */,
			);
			runOnlyForDeploymentPostprocessing = 0;
		};
/* End PBXResourcesBuildPhase section */

/* Begin PBXSourcesBuildPhase section */
		C4150B9A16CCA93C00876850 /* Sources */ = {
			isa = PBXSourcesBuildPhase;
			buildActionMask = 2147483647;
			files = (
				C4150BAE16CCA93C00876850 /* main.m in Sources */,
				C4150BB216CCA93C00876850 /* PeaceGuardAppDelegate.m in Sources */,
				C4150BBE16CCA93C00876850 /* PeaceGuardViewController.m in Sources */,
				C4D244D016CEBA800017098A /* User.m in Sources */,
				C4D244D316CEC5210017098A /* UserDataController.m in Sources */,
				C39E8B5D16CF370E0087FBDD /* Report.m in Sources */,
				C39E8B6016CF371D0087FBDD /* ReportDataController.m in Sources */,
				C39E8B6316CF37420087FBDD /* ReportViewController.m in Sources */,
				C49C638916ED48B200915D56 /* ConnectionDataController.m in Sources */,
				C49C638C16ED660000915D56 /* StatisticsViewController.m in Sources */,
				C38C5EF916EFA18700679A87 /* Timer.m in Sources */,
				A7F2F73516F04357005F9E8A /* MainViewController.m in Sources */,
				C491E68716F96B9800982997 /* CrumbPath.m in Sources */,
				C491E68816F96B9800982997 /* CrumbPathView.m in Sources */,
				C392634116F971E200FA29E5 /* MapViewController.m in Sources */,
				C43C36CA16FD0261004A9E84 /* Reachability.m in Sources */,
				C4EB1E551700052F0080176A /* BadgesViewController.m in Sources */,
			);
			runOnlyForDeploymentPostprocessing = 0;
		};
/* End PBXSourcesBuildPhase section */

/* Begin PBXVariantGroup section */
		C4150BAA16CCA93C00876850 /* InfoPlist.strings */ = {
			isa = PBXVariantGroup;
			children = (
				C4150BAB16CCA93C00876850 /* en */,
			);
			name = InfoPlist.strings;
			sourceTree = "<group>";
		};
		C4150BB916CCA93C00876850 /* MainStoryboard.storyboard */ = {
			isa = PBXVariantGroup;
			children = (
				C4150BBA16CCA93C00876850 /* en */,
			);
			name = MainStoryboard.storyboard;
			sourceTree = "<group>";
		};
/* End PBXVariantGroup section */

/* Begin XCBuildConfiguration section */
		C4150BBF16CCA93C00876850 /* Debug */ = {
			isa = XCBuildConfiguration;
			buildSettings = {
				ALWAYS_SEARCH_USER_PATHS = NO;
				CLANG_CXX_LANGUAGE_STANDARD = "gnu++0x";
				CLANG_CXX_LIBRARY = "libc++";
				CLANG_ENABLE_OBJC_ARC = YES;
				CLANG_WARN_CONSTANT_CONVERSION = YES;
				CLANG_WARN_EMPTY_BODY = YES;
				CLANG_WARN_ENUM_CONVERSION = YES;
				CLANG_WARN_INT_CONVERSION = YES;
				CLANG_WARN__DUPLICATE_METHOD_MATCH = YES;
				"CODE_SIGN_IDENTITY[sdk=iphoneos*]" = "iPhone Developer";
				COPY_PHASE_STRIP = NO;
				GCC_C_LANGUAGE_STANDARD = gnu99;
				GCC_DYNAMIC_NO_PIC = NO;
				GCC_OPTIMIZATION_LEVEL = 0;
				GCC_PREPROCESSOR_DEFINITIONS = (
					"DEBUG=1",
					"$(inherited)",
				);
				GCC_SYMBOLS_PRIVATE_EXTERN = NO;
				GCC_WARN_ABOUT_RETURN_TYPE = YES;
				GCC_WARN_UNINITIALIZED_AUTOS = YES;
				GCC_WARN_UNUSED_VARIABLE = YES;
				IPHONEOS_DEPLOYMENT_TARGET = 6.1;
				ONLY_ACTIVE_ARCH = YES;
				SDKROOT = iphoneos;
			};
			name = Debug;
		};
		C4150BC016CCA93C00876850 /* Release */ = {
			isa = XCBuildConfiguration;
			buildSettings = {
				ALWAYS_SEARCH_USER_PATHS = NO;
				CLANG_CXX_LANGUAGE_STANDARD = "gnu++0x";
				CLANG_CXX_LIBRARY = "libc++";
				CLANG_ENABLE_OBJC_ARC = YES;
				CLANG_WARN_CONSTANT_CONVERSION = YES;
				CLANG_WARN_EMPTY_BODY = YES;
				CLANG_WARN_ENUM_CONVERSION = YES;
				CLANG_WARN_INT_CONVERSION = YES;
				CLANG_WARN__DUPLICATE_METHOD_MATCH = YES;
				"CODE_SIGN_IDENTITY[sdk=iphoneos*]" = "iPhone Developer";
				COPY_PHASE_STRIP = YES;
				GCC_C_LANGUAGE_STANDARD = gnu99;
				GCC_WARN_ABOUT_RETURN_TYPE = YES;
				GCC_WARN_UNINITIALIZED_AUTOS = YES;
				GCC_WARN_UNUSED_VARIABLE = YES;
				IPHONEOS_DEPLOYMENT_TARGET = 6.1;
				OTHER_CFLAGS = "-DNS_BLOCK_ASSERTIONS=1";
				SDKROOT = iphoneos;
				VALIDATE_PRODUCT = YES;
			};
			name = Release;
		};
		C4150BC216CCA93C00876850 /* Debug */ = {
			isa = XCBuildConfiguration;
			buildSettings = {
				GCC_PRECOMPILE_PREFIX_HEADER = YES;
				GCC_PREFIX_HEADER = "peaceguard/peaceguard-Prefix.pch";
				INFOPLIST_FILE = "peaceguard/peaceguard-Info.plist";
				PRODUCT_NAME = "$(TARGET_NAME)";
				WRAPPER_EXTENSION = app;
			};
			name = Debug;
		};
		C4150BC316CCA93C00876850 /* Release */ = {
			isa = XCBuildConfiguration;
			buildSettings = {
				GCC_PRECOMPILE_PREFIX_HEADER = YES;
				GCC_PREFIX_HEADER = "peaceguard/peaceguard-Prefix.pch";
				INFOPLIST_FILE = "peaceguard/peaceguard-Info.plist";
				PRODUCT_NAME = "$(TARGET_NAME)";
				WRAPPER_EXTENSION = app;
			};
			name = Release;
		};
/* End XCBuildConfiguration section */

/* Begin XCConfigurationList section */
		C4150B9916CCA93C00876850 /* Build configuration list for PBXProject "peaceguard" */ = {
			isa = XCConfigurationList;
			buildConfigurations = (
				C4150BBF16CCA93C00876850 /* Debug */,
				C4150BC016CCA93C00876850 /* Release */,
			);
			defaultConfigurationIsVisible = 0;
			defaultConfigurationName = Release;
		};
		C4150BC116CCA93C00876850 /* Build configuration list for PBXNativeTarget "peaceguard" */ = {
			isa = XCConfigurationList;
			buildConfigurations = (
				C4150BC216CCA93C00876850 /* Debug */,
				C4150BC316CCA93C00876850 /* Release */,
			);
			defaultConfigurationIsVisible = 0;
			defaultConfigurationName = Release;
		};
/* End XCConfigurationList section */
	};
	rootObject = C4150B9616CCA93C00876850 /* Project object */;
}
